
Microsoft Visual Studio Solution File, Format Version 12.00
# Visual Studio Version 16
VisualStudioVersion = 16.0.29001.49
MinimumVisualStudioVersion = 10.0.40219.1
Project("{FAE04EC0-301F-11D3-BF4B-00C04F79EFBC}") = "Assignment 2", "Assignment 2\Assignment 2.csproj", "{9C2D1E93-0ADB-481A-96DF-755E94F9B7CE}"
EndProject
Global
	GlobalSection(SolutionConfigurationPlatforms) = preSolution
		Debug|Any CPU = Debug|Any CPU
		Release|Any CPU = Release|Any CPU
	EndGlobalSection
	GlobalSection(ProjectConfigurationPlatforms) = postSolution
		{9C2D1E93-0ADB-481A-96DF-755E94F9B7CE}.Debug|Any CPU.ActiveCfg = Debug|Any CPU
		{9C2D1E93-0ADB-481A-96DF-755E94F9B7CE}.Debug|Any CPU.Build.0 = Debug|Any CPU
		{9C2D1E93-0ADB-481A-96DF-755E94F9B7CE}.Release|Any CPU.ActiveCfg = Release|Any CPU
		{9C2D1E93-0ADB-481A-96DF-755E94F9B7CE}.Release|Any CPU.Build.0 = Release|Any CPU
	EndGlobalSection
	GlobalSection(SolutionProperties) = preSolution
		HideSolutionNode = FALSE
	EndGlobalSection
	GlobalSection(ExtensibilityGlobals) = postSolution
		SolutionGuid = {7ECF802A-A58A-425E-93EE-ED2974A2E796}
	EndGlobalSection
EndGlobal
